
Microsoft Visual Studio Solution File, Format Version 12.00
# Visual Studio Version 17
VisualStudioVersion = 17.3.32929.385
MinimumVisualStudioVersion = 10.0.40219.1
Project("{FAE04EC0-301F-11D3-BF4B-00C04F79EFBC}") = "Exec3_MaintainUsers", "Exec3_MaintainUsers\Exec3_MaintainUsers.csproj", "{32522FB3-4202-403D-8B94-3F5CBE7456C5}"
EndProject
Project("{FAE04EC0-301F-11D3-BF4B-00C04F79EFBC}") = "ISpan.Utility", "ISpan.Utility\ISpan.Utility.csproj", "{92012F51-4D0B-4ADB-A244-93F622DED3E1}"
EndProject
Global
	GlobalSection(SolutionConfigurationPlatforms) = preSolution
		Debug|Any CPU = Debug|Any CPU
		Release|Any CPU = Release|Any CPU
	EndGlobalSection
	GlobalSection(ProjectConfigurationPlatforms) = postSolution
		{32522FB3-4202-403D-8B94-3F5CBE7456C5}.Debug|Any CPU.ActiveCfg = Debug|Any CPU
		{32522FB3-4202-403D-8B94-3F5CBE7456C5}.Debug|Any CPU.Build.0 = Debug|Any CPU
		{32522FB3-4202-403D-8B94-3F5CBE7456C5}.Release|Any CPU.ActiveCfg = Release|Any CPU
		{32522FB3-4202-403D-8B94-3F5CBE7456C5}.Release|Any CPU.Build.0 = Release|Any CPU
		{92012F51-4D0B-4ADB-A244-93F622DED3E1}.Debug|Any CPU.ActiveCfg = Debug|Any CPU
		{92012F51-4D0B-4ADB-A244-93F622DED3E1}.Debug|Any CPU.Build.0 = Debug|Any CPU
		{92012F51-4D0B-4ADB-A244-93F622DED3E1}.Release|Any CPU.ActiveCfg = Release|Any CPU
		{92012F51-4D0B-4ADB-A244-93F622DED3E1}.Release|Any CPU.Build.0 = Release|Any CPU
	EndGlobalSection
	GlobalSection(SolutionProperties) = preSolution
		HideSolutionNode = FALSE
	EndGlobalSection
	GlobalSection(ExtensibilityGlobals) = postSolution
		SolutionGuid = {7970C988-4B29-4997-BBE1-E56EB50B5E2F}
	EndGlobalSection
EndGlobal
